
Microsoft Visual Studio Solution File, Format Version 12.00
# Visual Studio Version 17
VisualStudioVersion = 17.0.32014.148
MinimumVisualStudioVersion = 10.0.40219.1
Project("{FAE04EC0-301F-11D3-BF4B-00C04F79EFBC}") = "DesFile", "DesFile.csproj", "{C3AE0A7F-2801-444A-A2E2-C2E288295C78}"
EndProject
Global
	GlobalSection(SolutionConfigurationPlatforms) = preSolution
		Debug|Any CPU = Debug|Any CPU
		Release|Any CPU = Release|Any CPU
	EndGlobalSection
	GlobalSection(ProjectConfigurationPlatforms) = postSolution
		{C3AE0A7F-2801-444A-A2E2-C2E288295C78}.Debug|Any CPU.ActiveCfg = Debug|Any CPU
		{C3AE0A7F-2801-444A-A2E2-C2E288295C78}.Debug|Any CPU.Build.0 = Debug|Any CPU
		{C3AE0A7F-2801-444A-A2E2-C2E288295C78}.Release|Any CPU.ActiveCfg = Release|Any CPU
		{C3AE0A7F-2801-444A-A2E2-C2E288295C78}.Release|Any CPU.Build.0 = Release|Any CPU
	EndGlobalSection
	GlobalSection(SolutionProperties) = preSolution
		HideSolutionNode = FALSE
	EndGlobalSection
	GlobalSection(ExtensibilityGlobals) = postSolution
		SolutionGuid = {F0891723-C2D9-468A-81C7-BF6F852332F7}
	EndGlobalSection
EndGlobal
